
Microsoft Visual Studio Solution File, Format Version 12.00
# Visual Studio Version 17
VisualStudioVersion = 17.4.33213.308
MinimumVisualStudioVersion = 10.0.40219.1
Project("{FAE04EC0-301F-11D3-BF4B-00C04F79EFBC}") = "AnalyticHierarchyProcess", "AnalyticHierarchyProcess\AnalyticHierarchyProcess.csproj", "{1309E7E0-C40A-4BA3-A57F-2364D1EF6013}"
EndProject
Global
	GlobalSection(SolutionConfigurationPlatforms) = preSolution
		Debug|Any CPU = Debug|Any CPU
		Release|Any CPU = Release|Any CPU
	EndGlobalSection
	GlobalSection(ProjectConfigurationPlatforms) = postSolution
		{1309E7E0-C40A-4BA3-A57F-2364D1EF6013}.Debug|Any CPU.ActiveCfg = Debug|Any CPU
		{1309E7E0-C40A-4BA3-A57F-2364D1EF6013}.Debug|Any CPU.Build.0 = Debug|Any CPU
		{1309E7E0-C40A-4BA3-A57F-2364D1EF6013}.Release|Any CPU.ActiveCfg = Release|Any CPU
		{1309E7E0-C40A-4BA3-A57F-2364D1EF6013}.Release|Any CPU.Build.0 = Release|Any CPU
	EndGlobalSection
	GlobalSection(SolutionProperties) = preSolution
		HideSolutionNode = FALSE
	EndGlobalSection
	GlobalSection(ExtensibilityGlobals) = postSolution
		SolutionGuid = {A4D78644-B6B1-40F5-949B-6FA6951E784A}
	EndGlobalSection
EndGlobal
